// !$*UTF8*$!
{
	archiveVersion = 1;
	classes = {
	};
	objectVersion = 50;
	objects = {

/* Begin PBXBuildFile section */
		494604B7271EC0630024BE51 /* FictionCategory.storyboard in Resources */ = {isa = PBXBuildFile; fileRef = 494604B6271EC0630024BE51 /* FictionCategory.storyboard */; };
		494604B9271EC0820024BE51 /* RomanceCategory.storyboard in Resources */ = {isa = PBXBuildFile; fileRef = 494604B8271EC0820024BE51 /* RomanceCategory.storyboard */; };
		494604BB271EC0B00024BE51 /* Sci-FiCategory.storyboard in Resources */ = {isa = PBXBuildFile; fileRef = 494604BA271EC0B00024BE51 /* Sci-FiCategory.storyboard */; };
		494604BD271EC0C80024BE51 /* CrimeCategory.storyboard in Resources */ = {isa = PBXBuildFile; fileRef = 494604BC271EC0C80024BE51 /* CrimeCategory.storyboard */; };
		494604BF271EDCFE0024BE51 /* FictionViewController.swift in Sources */ = {isa = PBXBuildFile; fileRef = 494604BE271EDCFE0024BE51 /* FictionViewController.swift */; };
		494604C1271EDD0E0024BE51 /* RomanceViewController.swift in Sources */ = {isa = PBXBuildFile; fileRef = 494604C0271EDD0E0024BE51 /* RomanceViewController.swift */; };
		494604C3271EDD290024BE51 /* Sci-FiViewController.swift in Sources */ = {isa = PBXBuildFile; fileRef = 494604C2271EDD290024BE51 /* Sci-FiViewController.swift */; };
		494604C5271EDD390024BE51 /* CrimeViewController.swift in Sources */ = {isa = PBXBuildFile; fileRef = 494604C4271EDD390024BE51 /* CrimeViewController.swift */; };
		496B8E29271C06EB00871DB9 /* AppDelegate.swift in Sources */ = {isa = PBXBuildFile; fileRef = 496B8E28271C06EB00871DB9 /* AppDelegate.swift */; };
		496B8E2B271C06EB00871DB9 /* SceneDelegate.swift in Sources */ = {isa = PBXBuildFile; fileRef = 496B8E2A271C06EB00871DB9 /* SceneDelegate.swift */; };
		496B8E2D271C06EB00871DB9 /* ViewController.swift in Sources */ = {isa = PBXBuildFile; fileRef = 496B8E2C271C06EB00871DB9 /* ViewController.swift */; };
		496B8E32271C06EC00871DB9 /* Assets.xcassets in Resources */ = {isa = PBXBuildFile; fileRef = 496B8E31271C06EC00871DB9 /* Assets.xcassets */; };
		496B8E35271C06EC00871DB9 /* LaunchScreen.storyboard in Resources */ = {isa = PBXBuildFile; fileRef = 496B8E33271C06EC00871DB9 /* LaunchScreen.storyboard */; };
		496C88B9271D62A500CB7E17 /* Main.storyboard in Resources */ = {isa = PBXBuildFile; fileRef = 496C88B8271D62A500CB7E17 /* Main.storyboard */; };
/* End PBXBuildFile section */

/* Begin PBXFileReference section */
		494604B6271EC0630024BE51 /* FictionCategory.storyboard */ = {isa = PBXFileReference; lastKnownFileType = file.storyboard; path = FictionCategory.storyboard; sourceTree = "<group>"; };
		494604B8271EC0820024BE51 /* RomanceCategory.storyboard */ = {isa = PBXFileReference; lastKnownFileType = file.storyboard; path = RomanceCategory.storyboard; sourceTree = "<group>"; };
		494604BA271EC0B00024BE51 /* Sci-FiCategory.storyboard */ = {isa = PBXFileReference; lastKnownFileType = file.storyboard; path = "Sci-FiCategory.storyboard"; sourceTree = "<group>"; };
		494604BC271EC0C80024BE51 /* CrimeCategory.storyboard */ = {isa = PBXFileReference; lastKnownFileType = file.storyboard; path = CrimeCategory.storyboard; sourceTree = "<group>"; };
		494604BE271EDCFE0024BE51 /* FictionViewController.swift */ = {isa = PBXFileReference; lastKnownFileType = sourcecode.swift; path = FictionViewController.swift; sourceTree = "<group>"; };
		494604C0271EDD0E0024BE51 /* RomanceViewController.swift */ = {isa = PBXFileReference; lastKnownFileType = sourcecode.swift; path = RomanceViewController.swift; sourceTree = "<group>"; };
		494604C2271EDD290024BE51 /* Sci-FiViewController.swift */ = {isa = PBXFileReference; lastKnownFileType = sourcecode.swift; path = "Sci-FiViewController.swift"; sourceTree = "<group>"; };
		494604C4271EDD390024BE51 /* CrimeViewController.swift */ = {isa = PBXFileReference; lastKnownFileType = sourcecode.swift; path = CrimeViewController.swift; sourceTree = "<group>"; };
		496B8E25271C06EB00871DB9 /* BooksStore.app */ = {isa = PBXFileReference; explicitFileType = wrapper.application; includeInIndex = 0; path = BooksStore.app; sourceTree = BUILT_PRODUCTS_DIR; };
		496B8E28271C06EB00871DB9 /* AppDelegate.swift */ = {isa = PBXFileReference; lastKnownFileType = sourcecode.swift; path = AppDelegate.swift; sourceTree = "<group>"; };
		496B8E2A271C06EB00871DB9 /* SceneDelegate.swift */ = {isa = PBXFileReference; lastKnownFileType = sourcecode.swift; path = SceneDelegate.swift; sourceTree = "<group>"; };
		496B8E2C271C06EB00871DB9 /* ViewController.swift */ = {isa = PBXFileReference; lastKnownFileType = sourcecode.swift; path = ViewController.swift; sourceTree = "<group>"; };
		496B8E31271C06EC00871DB9 /* Assets.xcassets */ = {isa = PBXFileReference; lastKnownFileType = folder.assetcatalog; path = Assets.xcassets; sourceTree = "<group>"; };
		496B8E34271C06EC00871DB9 /* Base */ = {isa = PBXFileReference; lastKnownFileType = file.storyboard; name = Base; path = Base.lproj/LaunchScreen.storyboard; sourceTree = "<group>"; };
		496B8E36271C06EC00871DB9 /* Info.plist */ = {isa = PBXFileReference; lastKnownFileType = text.plist.xml; path = Info.plist; sourceTree = "<group>"; };
		496C88B8271D62A500CB7E17 /* Main.storyboard */ = {isa = PBXFileReference; fileEncoding = 4; lastKnownFileType = file.storyboard; path = Main.storyboard; sourceTree = "<group>"; };
/* End PBXFileReference section */

/* Begin PBXFrameworksBuildPhase section */
		496B8E22271C06EB00871DB9 /* Frameworks */ = {
			isa = PBXFrameworksBuildPhase;
			buildActionMask = 2147483647;
			files = (
			);
			runOnlyForDeploymentPostprocessing = 0;
		};
/* End PBXFrameworksBuildPhase section */

/* Begin PBXGroup section */
		496B8E1C271C06EB00871DB9 = {
			isa = PBXGroup;
			children = (
				496B8E27271C06EB00871DB9 /* BooksStore */,
				496B8E26271C06EB00871DB9 /* Products */,
			);
			sourceTree = "<group>";
		};
		496B8E26271C06EB00871DB9 /* Products */ = {
			isa = PBXGroup;
			children = (
				496B8E25271C06EB00871DB9 /* BooksStore.app */,
			);
			name = Products;
			sourceTree = "<group>";
		};
		496B8E27271C06EB00871DB9 /* BooksStore */ = {
			isa = PBXGroup;
			children = (
				496B8E28271C06EB00871DB9 /* AppDelegate.swift */,
				496B8E2A271C06EB00871DB9 /* SceneDelegate.swift */,
				496B8E36271C06EC00871DB9 /* Info.plist */,
				49F70F7A271CC32A00314A99 /* Networking */,
				49F70F7B271CC33600314A99 /* Models */,
				49F70F7C271CC33F00314A99 /* Views */,
				49F70F7D271CC34600314A99 /* Controllers */,
			);
			path = BooksStore;
			sourceTree = "<group>";
		};
		49F70F7A271CC32A00314A99 /* Networking */ = {
			isa = PBXGroup;
			children = (
			);
			path = Networking;
			sourceTree = "<group>";
		};
		49F70F7B271CC33600314A99 /* Models */ = {
			isa = PBXGroup;
			children = (
			);
			path = Models;
			sourceTree = "<group>";
		};
		49F70F7C271CC33F00314A99 /* Views */ = {
			isa = PBXGroup;
			children = (
				49F70F7E271CC39C00314A99 /* Scenes */,
				496B8E31271C06EC00871DB9 /* Assets.xcassets */,
				496B8E33271C06EC00871DB9 /* LaunchScreen.storyboard */,
			);
			path = Views;
			sourceTree = "<group>";
		};
		49F70F7D271CC34600314A99 /* Controllers */ = {
			isa = PBXGroup;
			children = (
				496B8E2C271C06EB00871DB9 /* ViewController.swift */,
				494604BE271EDCFE0024BE51 /* FictionViewController.swift */,
				494604C0271EDD0E0024BE51 /* RomanceViewController.swift */,
				494604C2271EDD290024BE51 /* Sci-FiViewController.swift */,
				494604C4271EDD390024BE51 /* CrimeViewController.swift */,
			);
			path = Controllers;
			sourceTree = "<group>";
		};
		49F70F7E271CC39C00314A99 /* Scenes */ = {
			isa = PBXGroup;
			children = (
				496C88B8271D62A500CB7E17 /* Main.storyboard */,
				494604B6271EC0630024BE51 /* FictionCategory.storyboard */,
				494604B8271EC0820024BE51 /* RomanceCategory.storyboard */,
				494604BA271EC0B00024BE51 /* Sci-FiCategory.storyboard */,
				494604BC271EC0C80024BE51 /* CrimeCategory.storyboard */,
			);
			path = Scenes;
			sourceTree = "<group>";
		};
/* End PBXGroup section */

/* Begin PBXNativeTarget section */
		496B8E24271C06EB00871DB9 /* BooksStore */ = {
			isa = PBXNativeTarget;
			buildConfigurationList = 496B8E39271C06EC00871DB9 /* Build configuration list for PBXNativeTarget "BooksStore" */;
			buildPhases = (
				496B8E21271C06EB00871DB9 /* Sources */,
				496B8E22271C06EB00871DB9 /* Frameworks */,
				496B8E23271C06EB00871DB9 /* Resources */,
			);
			buildRules = (
			);
			dependencies = (
			);
			name = BooksStore;
			productName = BooksStore;
			productReference = 496B8E25271C06EB00871DB9 /* BooksStore.app */;
			productType = "com.apple.product-type.application";
		};
/* End PBXNativeTarget section */

/* Begin PBXProject section */
		496B8E1D271C06EB00871DB9 /* Project object */ = {
			isa = PBXProject;
			attributes = {
				LastSwiftUpdateCheck = 1250;
				LastUpgradeCheck = 1250;
				TargetAttributes = {
					496B8E24271C06EB00871DB9 = {
						CreatedOnToolsVersion = 12.5.1;
					};
				};
			};
			buildConfigurationList = 496B8E20271C06EB00871DB9 /* Build configuration list for PBXProject "BooksStore" */;
			compatibilityVersion = "Xcode 9.3";
			developmentRegion = en;
			hasScannedForEncodings = 0;
			knownRegions = (
				en,
				Base,
			);
			mainGroup = 496B8E1C271C06EB00871DB9;
			productRefGroup = 496B8E26271C06EB00871DB9 /* Products */;
			projectDirPath = "";
			projectRoot = "";
			targets = (
				496B8E24271C06EB00871DB9 /* BooksStore */,
			);
		};
/* End PBXProject section */

/* Begin PBXResourcesBuildPhase section */
		496B8E23271C06EB00871DB9 /* Resources */ = {
			isa = PBXResourcesBuildPhase;
			buildActionMask = 2147483647;
			files = (
				494604B9271EC0820024BE51 /* RomanceCategory.storyboard in Resources */,
				496B8E35271C06EC00871DB9 /* LaunchScreen.storyboard in Resources */,
				496B8E32271C06EC00871DB9 /* Assets.xcassets in Resources */,
				494604BB271EC0B00024BE51 /* Sci-FiCategory.storyboard in Resources */,
				496C88B9271D62A500CB7E17 /* Main.storyboard in Resources */,
				494604BD271EC0C80024BE51 /* CrimeCategory.storyboard in Resources */,
				494604B7271EC0630024BE51 /* FictionCategory.storyboard in Resources */,
			);
			runOnlyForDeploymentPostprocessing = 0;
		};
/* End PBXResourcesBuildPhase section */

/* Begin PBXSourcesBuildPhase section */
		496B8E21271C06EB00871DB9 /* Sources */ = {
			isa = PBXSourcesBuildPhase;
			buildActionMask = 2147483647;
			files = (
				496B8E2D271C06EB00871DB9 /* ViewController.swift in Sources */,
				494604BF271EDCFE0024BE51 /* FictionViewController.swift in Sources */,
				494604C1271EDD0E0024BE51 /* RomanceViewController.swift in Sources */,
				496B8E29271C06EB00871DB9 /* AppDelegate.swift in Sources */,
				496B8E2B271C06EB00871DB9 /* SceneDelegate.swift in Sources */,
				494604C3271EDD290024BE51 /* Sci-FiViewController.swift in Sources */,
				494604C5271EDD390024BE51 /* CrimeViewController.swift in Sources */,
			);
			runOnlyForDeploymentPostprocessing = 0;
		};
/* End PBXSourcesBuildPhase section */

/* Begin PBXVariantGroup section */
		496B8E33271C06EC00871DB9 /* LaunchScreen.storyboard */ = {
			isa = PBXVariantGroup;
			children = (
				496B8E34271C06EC00871DB9 /* Base */,
			);
			name = LaunchScreen.storyboard;
			sourceTree = "<group>";
		};
/* End PBXVariantGroup section */

/* Begin XCBuildConfiguration section */
		496B8E37271C06EC00871DB9 /* Debug */ = {
			isa = XCBuildConfiguration;
			buildSettings = {
				ALWAYS_SEARCH_USER_PATHS = NO;
				CLANG_ANALYZER_NONNULL = YES;
				CLANG_ANALYZER_NUMBER_OBJECT_CONVERSION = YES_AGGRESSIVE;
				CLANG_CXX_LANGUAGE_STANDARD = "gnu++14";
				CLANG_CXX_LIBRARY = "libc++";
				CLANG_ENABLE_MODULES = YES;
				CLANG_ENABLE_OBJC_ARC = YES;
				CLANG_ENABLE_OBJC_WEAK = YES;
				CLANG_WARN_BLOCK_CAPTURE_AUTORELEASING = YES;
				CLANG_WARN_BOOL_CONVERSION = YES;
				CLANG_WARN_COMMA = YES;
				CLANG_WARN_CONSTANT_CONVERSION = YES;
				CLANG_WARN_DEPRECATED_OBJC_IMPLEMENTATIONS = YES;
				CLANG_WARN_DIRECT_OBJC_ISA_USAGE = YES_ERROR;
				CLANG_WARN_DOCUMENTATION_COMMENTS = YES;
				CLANG_WARN_EMPTY_BODY = YES;
				CLANG_WARN_ENUM_CONVERSION = YES;
				CLANG_WARN_INFINITE_RECURSION = YES;
				CLANG_WARN_INT_CONVERSION = YES;
				CLANG_WARN_NON_LITERAL_NULL_CONVERSION = YES;
				CLANG_WARN_OBJC_IMPLICIT_RETAIN_SELF = YES;
				CLANG_WARN_OBJC_LITERAL_CONVERSION = YES;
				CLANG_WARN_OBJC_ROOT_CLASS = YES_ERROR;
				CLANG_WARN_QUOTED_INCLUDE_IN_FRAMEWORK_HEADER = YES;
				CLANG_WARN_RANGE_LOOP_ANALYSIS = YES;
				CLANG_WARN_STRICT_PROTOTYPES = YES;
				CLANG_WARN_SUSPICIOUS_MOVE = YES;
				CLANG_WARN_UNGUARDED_AVAILABILITY = YES_AGGRESSIVE;
				CLANG_WARN_UNREACHABLE_CODE = YES;
				CLANG_WARN__DUPLICATE_METHOD_MATCH = YES;
				COPY_PHASE_STRIP = NO;
				DEBUG_INFORMATION_FORMAT = dwarf;
				ENABLE_STRICT_OBJC_MSGSEND = YES;
				ENABLE_TESTABILITY = YES;
				GCC_C_LANGUAGE_STANDARD = gnu11;
				GCC_DYNAMIC_NO_PIC = NO;
				GCC_NO_COMMON_BLOCKS = YES;
				GCC_OPTIMIZATION_LEVEL = 0;
				GCC_PREPROCESSOR_DEFINITIONS = (
					"DEBUG=1",
					"$(inherited)",
				);
				GCC_WARN_64_TO_32_BIT_CONVERSION = YES;
				GCC_WARN_ABOUT_RETURN_TYPE = YES_ERROR;
				GCC_WARN_UNDECLARED_SELECTOR = YES;
				GCC_WARN_UNINITIALIZED_AUTOS = YES_AGGRESSIVE;
				GCC_WARN_UNUSED_FUNCTION = YES;
				GCC_WARN_UNUSED_VARIABLE = YES;
				IPHONEOS_DEPLOYMENT_TARGET = 14.5;
				MTL_ENABLE_DEBUG_INFO = INCLUDE_SOURCE;
				MTL_FAST_MATH = YES;
				ONLY_ACTIVE_ARCH = YES;
				SDKROOT = iphoneos;
				SWIFT_ACTIVE_COMPILATION_CONDITIONS = DEBUG;
				SWIFT_OPTIMIZATION_LEVEL = "-Onone";
			};
			name = Debug;
		};
		496B8E38271C06EC00871DB9 /* Release */ = {
			isa = XCBuildConfiguration;
			buildSettings = {
				ALWAYS_SEARCH_USER_PATHS = NO;
				CLANG_ANALYZER_NONNULL = YES;
				CLANG_ANALYZER_NUMBER_OBJECT_CONVERSION = YES_AGGRESSIVE;
				CLANG_CXX_LANGUAGE_STANDARD = "gnu++14";
				CLANG_CXX_LIBRARY = "libc++";
				CLANG_ENABLE_MODULES = YES;
				CLANG_ENABLE_OBJC_ARC = YES;
				CLANG_ENABLE_OBJC_WEAK = YES;
				CLANG_WARN_BLOCK_CAPTURE_AUTORELEASING = YES;
				CLANG_WARN_BOOL_CONVERSION = YES;
				CLANG_WARN_COMMA = YES;
				CLANG_WARN_CONSTANT_CONVERSION = YES;
				CLANG_WARN_DEPRECATED_OBJC_IMPLEMENTATIONS = YES;
				CLANG_WARN_DIRECT_OBJC_ISA_USAGE = YES_ERROR;
				CLANG_WARN_DOCUMENTATION_COMMENTS = YES;
				CLANG_WARN_EMPTY_BODY = YES;
				CLANG_WARN_ENUM_CONVERSION = YES;
				CLANG_WARN_INFINITE_RECURSION = YES;
				CLANG_WARN_INT_CONVERSION = YES;
				CLANG_WARN_NON_LITERAL_NULL_CONVERSION = YES;
				CLANG_WARN_OBJC_IMPLICIT_RETAIN_SELF = YES;
				CLANG_WARN_OBJC_LITERAL_CONVERSION = YES;
				CLANG_WARN_OBJC_ROOT_CLASS = YES_ERROR;
				CLANG_WARN_QUOTED_INCLUDE_IN_FRAMEWORK_HEADER = YES;
				CLANG_WARN_RANGE_LOOP_ANALYSIS = YES;
				CLANG_WARN_STRICT_PROTOTYPES = YES;
				CLANG_WARN_SUSPICIOUS_MOVE = YES;
				CLANG_WARN_UNGUARDED_AVAILABILITY = YES_AGGRESSIVE;
				CLANG_WARN_UNREACHABLE_CODE = YES;
				CLANG_WARN__DUPLICATE_METHOD_MATCH = YES;
				COPY_PHASE_STRIP = NO;
				DEBUG_INFORMATION_FORMAT = "dwarf-with-dsym";
				ENABLE_NS_ASSERTIONS = NO;
				ENABLE_STRICT_OBJC_MSGSEND = YES;
				GCC_C_LANGUAGE_STANDARD = gnu11;
				GCC_NO_COMMON_BLOCKS = YES;
				GCC_WARN_64_TO_32_BIT_CONVERSION = YES;
				GCC_WARN_ABOUT_RETURN_TYPE = YES_ERROR;
				GCC_WARN_UNDECLARED_SELECTOR = YES;
				GCC_WARN_UNINITIALIZED_AUTOS = YES_AGGRESSIVE;
				GCC_WARN_UNUSED_FUNCTION = YES;
				GCC_WARN_UNUSED_VARIABLE = YES;
				IPHONEOS_DEPLOYMENT_TARGET = 14.5;
				MTL_ENABLE_DEBUG_INFO = NO;
				MTL_FAST_MATH = YES;
				SDKROOT = iphoneos;
				SWIFT_COMPILATION_MODE = wholemodule;
				SWIFT_OPTIMIZATION_LEVEL = "-O";
				VALIDATE_PRODUCT = YES;
			};
			name = Release;
		};
		496B8E3A271C06EC00871DB9 /* Debug */ = {
			isa = XCBuildConfiguration;
			buildSettings = {
				ASSETCATALOG_COMPILER_APPICON_NAME = AppIcon;
				ASSETCATALOG_COMPILER_GLOBAL_ACCENT_COLOR_NAME = AccentColor;
				CODE_SIGN_STYLE = Automatic;
				DEVELOPMENT_TEAM = 66DRNGDX98;
				INFOPLIST_FILE = BooksStore/Info.plist;
				LD_RUNPATH_SEARCH_PATHS = (
					"$(inherited)",
					"@executable_path/Frameworks",
				);
				PRODUCT_BUNDLE_IDENTIFIER = ZahraaZuhair.BooksStore;
				PRODUCT_NAME = "$(TARGET_NAME)";
				SWIFT_VERSION = 5.0;
				TARGETED_DEVICE_FAMILY = "1,2";
			};
			name = Debug;
		};
		496B8E3B271C06EC00871DB9 /* Release */ = {
			isa = XCBuildConfiguration;
			buildSettings = {
				ASSETCATALOG_COMPILER_APPICON_NAME = AppIcon;
				ASSETCATALOG_COMPILER_GLOBAL_ACCENT_COLOR_NAME = AccentColor;
				CODE_SIGN_STYLE = Automatic;
				DEVELOPMENT_TEAM = 66DRNGDX98;
				INFOPLIST_FILE = BooksStore/Info.plist;
				LD_RUNPATH_SEARCH_PATHS = (
					"$(inherited)",
					"@executable_path/Frameworks",
				);
				PRODUCT_BUNDLE_IDENTIFIER = ZahraaZuhair.BooksStore;
				PRODUCT_NAME = "$(TARGET_NAME)";
				SWIFT_VERSION = 5.0;
				TARGETED_DEVICE_FAMILY = "1,2";
			};
			name = Release;
		};
/* End XCBuildConfiguration section */

/* Begin XCConfigurationList section */
		496B8E20271C06EB00871DB9 /* Build configuration list for PBXProject "BooksStore" */ = {
			isa = XCConfigurationList;
			buildConfigurations = (
				496B8E37271C06EC00871DB9 /* Debug */,
				496B8E38271C06EC00871DB9 /* Release */,
			);
			defaultConfigurationIsVisible = 0;
			defaultConfigurationName = Release;
		};
		496B8E39271C06EC00871DB9 /* Build configuration list for PBXNativeTarget "BooksStore" */ = {
			isa = XCConfigurationList;
			buildConfigurations = (
				496B8E3A271C06EC00871DB9 /* Debug */,
				496B8E3B271C06EC00871DB9 /* Release */,
			);
			defaultConfigurationIsVisible = 0;
			defaultConfigurationName = Release;
		};
/* End XCConfigurationList section */
	};
	rootObject = 496B8E1D271C06EB00871DB9 /* Project object */;
}
