// !$*UTF8*$!
{
	archiveVersion = 1;
	classes = {
	};
	objectVersion = 51;
	objects = {

/* Begin PBXBuildFile section */
		2C0E53DFAA7E4AB986E9ECF6 /* Pods_BooksStore.framework in Frameworks */ = {isa = PBXBuildFile; fileRef = D15AEE540A9DC9C0E405EDC9 /* Pods_BooksStore.framework */; };
		4910757A2756360D00515B20 /* BookCardTableViewCell.swift in Sources */ = {isa = PBXBuildFile; fileRef = 491075782756360D00515B20 /* BookCardTableViewCell.swift */; };
		4910757B2756360D00515B20 /* BookCardTableViewCell.xib in Resources */ = {isa = PBXBuildFile; fileRef = 491075792756360D00515B20 /* BookCardTableViewCell.xib */; };
		493345C62752D43B002E31AA /* SearchViewController.swift in Sources */ = {isa = PBXBuildFile; fileRef = 493345C52752D43B002E31AA /* SearchViewController.swift */; };
		493B5BAA271FF8D7007EC11F /* ErrorHandler.swift in Sources */ = {isa = PBXBuildFile; fileRef = 493B5BA9271FF8D7007EC11F /* ErrorHandler.swift */; };
		494604CC271F3C430024BE51 /* BookModel.swift in Sources */ = {isa = PBXBuildFile; fileRef = 494604CB271F3C430024BE51 /* BookModel.swift */; };
		494604CE271F400F0024BE51 /* ApiResponse.swift in Sources */ = {isa = PBXBuildFile; fileRef = 494604CD271F400F0024BE51 /* ApiResponse.swift */; };
		494604D9271F54660024BE51 /* Method.swift in Sources */ = {isa = PBXBuildFile; fileRef = 494604D8271F54660024BE51 /* Method.swift */; };
		494ABC4327430A31008FDF9A /* BookPageDetailsViewController.swift in Sources */ = {isa = PBXBuildFile; fileRef = 494ABC4227430A31008FDF9A /* BookPageDetailsViewController.swift */; };
		49523C902774EF2900DF1E5A /* CategoriesData.json in Resources */ = {isa = PBXBuildFile; fileRef = 49523C8F2774EF2900DF1E5A /* CategoriesData.json */; };
		49523C942774F6B100DF1E5A /* CategoriesCollectionViewCell.swift in Sources */ = {isa = PBXBuildFile; fileRef = 49523C922774F6B100DF1E5A /* CategoriesCollectionViewCell.swift */; };
		49523C952774F6B100DF1E5A /* CategoriesCollectionViewCell.xib in Resources */ = {isa = PBXBuildFile; fileRef = 49523C932774F6B100DF1E5A /* CategoriesCollectionViewCell.xib */; };
		49552F1527575C590095D916 /* ReadingViewController.swift in Sources */ = {isa = PBXBuildFile; fileRef = 49552F1427575C590095D916 /* ReadingViewController.swift */; };
		495F54232773B0A2008D68BD /* Categories.storyboard in Resources */ = {isa = PBXBuildFile; fileRef = 495F54222773B0A2008D68BD /* Categories.storyboard */; };
		495F54252773B2DC008D68BD /* CategoriesViewController.swift in Sources */ = {isa = PBXBuildFile; fileRef = 495F54242773B2DC008D68BD /* CategoriesViewController.swift */; };
		496A4A2B27679D390097DBD9 /* Book.swift in Sources */ = {isa = PBXBuildFile; fileRef = 496A4A2A27679D390097DBD9 /* Book.swift */; };
		496A4A2D27679D720097DBD9 /* TimeTracker.swift in Sources */ = {isa = PBXBuildFile; fileRef = 496A4A2C27679D720097DBD9 /* TimeTracker.swift */; };
		496B8E29271C06EB00871DB9 /* AppDelegate.swift in Sources */ = {isa = PBXBuildFile; fileRef = 496B8E28271C06EB00871DB9 /* AppDelegate.swift */; };
		496B8E2B271C06EB00871DB9 /* SceneDelegate.swift in Sources */ = {isa = PBXBuildFile; fileRef = 496B8E2A271C06EB00871DB9 /* SceneDelegate.swift */; };
		496B8E35271C06EC00871DB9 /* LaunchScreen.storyboard in Resources */ = {isa = PBXBuildFile; fileRef = 496B8E33271C06EC00871DB9 /* LaunchScreen.storyboard */; };
		496C88B9271D62A500CB7E17 /* Main.storyboard in Resources */ = {isa = PBXBuildFile; fileRef = 496C88B8271D62A500CB7E17 /* Main.storyboard */; };
		497E80482723EBDA00F3A9DA /* CardView.swift in Sources */ = {isa = PBXBuildFile; fileRef = 497E80472723EBDA00F3A9DA /* CardView.swift */; };
		498B6B2A275E38A0007A36AD /* BookReader.swift in Sources */ = {isa = PBXBuildFile; fileRef = 498B6B29275E38A0007A36AD /* BookReader.swift */; };
		49933898275EB5900021F113 /* Assets.xcassets.xcassets in Resources */ = {isa = PBXBuildFile; fileRef = 49933897275EB58F0021F113 /* Assets.xcassets.xcassets */; };
		499661242766623F00F6063C /* TargetType.swift in Sources */ = {isa = PBXBuildFile; fileRef = 499661232766623F00F6063C /* TargetType.swift */; };
		49966126276662D000F6063C /* NetworkService.swift in Sources */ = {isa = PBXBuildFile; fileRef = 49966125276662D000F6063C /* NetworkService.swift */; };
		499661292766634B00F6063C /* BooksAPIDataModel.swift in Sources */ = {isa = PBXBuildFile; fileRef = 499661282766634B00F6063C /* BooksAPIDataModel.swift */; };
		4998AF2C275ABCE80036ECCE /* BookPosterCell.swift in Sources */ = {isa = PBXBuildFile; fileRef = 4998AF2A275ABCE80036ECCE /* BookPosterCell.swift */; };
		4998AF2D275ABCE80036ECCE /* BookPosterCell.xib in Resources */ = {isa = PBXBuildFile; fileRef = 4998AF2B275ABCE80036ECCE /* BookPosterCell.xib */; };
		4998AF30275AC2870036ECCE /* BookInfoCell.swift in Sources */ = {isa = PBXBuildFile; fileRef = 4998AF2E275AC2870036ECCE /* BookInfoCell.swift */; };
		4998AF31275AC2870036ECCE /* BookInfoCell.xib in Resources */ = {isa = PBXBuildFile; fileRef = 4998AF2F275AC2870036ECCE /* BookInfoCell.xib */; };
		4998AF34275AC4240036ECCE /* BookTitleCell.swift in Sources */ = {isa = PBXBuildFile; fileRef = 4998AF32275AC4240036ECCE /* BookTitleCell.swift */; };
		4998AF35275AC4240036ECCE /* BookTitleCell.xib in Resources */ = {isa = PBXBuildFile; fileRef = 4998AF33275AC4240036ECCE /* BookTitleCell.xib */; };
		4998AF38275AC51B0036ECCE /* AuthorNameCell.swift in Sources */ = {isa = PBXBuildFile; fileRef = 4998AF36275AC51B0036ECCE /* AuthorNameCell.swift */; };
		4998AF39275AC51B0036ECCE /* AuthorNameCell.xib in Resources */ = {isa = PBXBuildFile; fileRef = 4998AF37275AC51B0036ECCE /* AuthorNameCell.xib */; };
		4998AF3C275AC5CA0036ECCE /* BookCategoriesCell.swift in Sources */ = {isa = PBXBuildFile; fileRef = 4998AF3A275AC5CA0036ECCE /* BookCategoriesCell.swift */; };
		4998AF3D275AC5CA0036ECCE /* BookCategoriesCell.xib in Resources */ = {isa = PBXBuildFile; fileRef = 4998AF3B275AC5CA0036ECCE /* BookCategoriesCell.xib */; };
		4998AF40275AC6DC0036ECCE /* BookDescriptionCell.swift in Sources */ = {isa = PBXBuildFile; fileRef = 4998AF3E275AC6DC0036ECCE /* BookDescriptionCell.swift */; };
		4998AF41275AC6DC0036ECCE /* BookDescriptionCell.xib in Resources */ = {isa = PBXBuildFile; fileRef = 4998AF3F275AC6DC0036ECCE /* BookDescriptionCell.xib */; };
		499F09842756D5B300F12156 /* TodayReadingTableViewCell.swift in Sources */ = {isa = PBXBuildFile; fileRef = 499F09822756D5B300F12156 /* TodayReadingTableViewCell.swift */; };
		499F09852756D5B300F12156 /* TodayReadingTableViewCell.xib in Resources */ = {isa = PBXBuildFile; fileRef = 499F09832756D5B300F12156 /* TodayReadingTableViewCell.xib */; };
		49A2D6A62774792500E48931 /* CategoriesModel.swift in Sources */ = {isa = PBXBuildFile; fileRef = 49A2D6A52774792500E48931 /* CategoriesModel.swift */; };
		49A2D6AB2774865000E48931 /* CategoriesDataModel.swift in Sources */ = {isa = PBXBuildFile; fileRef = 49A2D6AA2774865000E48931 /* CategoriesDataModel.swift */; };
		49A7624B2743E90000A7E2A8 /* DownloadManager.swift in Sources */ = {isa = PBXBuildFile; fileRef = 49A7624A2743E90000A7E2A8 /* DownloadManager.swift */; };
		49BFBA65275CAB93001FD76F /* TimeManager.swift in Sources */ = {isa = PBXBuildFile; fileRef = 49BFBA64275CAB93001FD76F /* TimeManager.swift */; };
		49C705902722ADE8009F5DED /* HomeViewController.swift in Sources */ = {isa = PBXBuildFile; fileRef = 49C7058F2722ADE8009F5DED /* HomeViewController.swift */; };
		49D1F3EF27556B5F00CA7FAA /* SearchResultsTableViewCell.swift in Sources */ = {isa = PBXBuildFile; fileRef = 49D1F3ED27556B5F00CA7FAA /* SearchResultsTableViewCell.swift */; };
		49D1F3F027556B5F00CA7FAA /* SearchResultsTableViewCell.xib in Resources */ = {isa = PBXBuildFile; fileRef = 49D1F3EE27556B5F00CA7FAA /* SearchResultsTableViewCell.xib */; };
		49D73C27276DEA1C00874FD7 /* RealmViewModel.swift in Sources */ = {isa = PBXBuildFile; fileRef = 49D73C26276DEA1C00874FD7 /* RealmViewModel.swift */; };
		49D73C29276E58B500874FD7 /* Home.storyboard in Resources */ = {isa = PBXBuildFile; fileRef = 49D73C28276E58B500874FD7 /* Home.storyboard */; };
		49D73C2B276E58DB00874FD7 /* ReadingUI.storyboard in Resources */ = {isa = PBXBuildFile; fileRef = 49D73C2A276E58DB00874FD7 /* ReadingUI.storyboard */; };
		49D73C2D276E58EC00874FD7 /* SearchUI.storyboard in Resources */ = {isa = PBXBuildFile; fileRef = 49D73C2C276E58EC00874FD7 /* SearchUI.storyboard */; };
		49D73C2F276E591C00874FD7 /* BookDetailsUI.storyboard in Resources */ = {isa = PBXBuildFile; fileRef = 49D73C2E276E591C00874FD7 /* BookDetailsUI.storyboard */; };
/* End PBXBuildFile section */

/* Begin PBXFileReference section */
		491075782756360D00515B20 /* BookCardTableViewCell.swift */ = {isa = PBXFileReference; lastKnownFileType = sourcecode.swift; path = BookCardTableViewCell.swift; sourceTree = "<group>"; };
		491075792756360D00515B20 /* BookCardTableViewCell.xib */ = {isa = PBXFileReference; lastKnownFileType = file.xib; path = BookCardTableViewCell.xib; sourceTree = "<group>"; };
		493345C52752D43B002E31AA /* SearchViewController.swift */ = {isa = PBXFileReference; lastKnownFileType = sourcecode.swift; path = SearchViewController.swift; sourceTree = "<group>"; };
		493B5BA9271FF8D7007EC11F /* ErrorHandler.swift */ = {isa = PBXFileReference; lastKnownFileType = sourcecode.swift; path = ErrorHandler.swift; sourceTree = "<group>"; };
		494604CB271F3C430024BE51 /* BookModel.swift */ = {isa = PBXFileReference; lastKnownFileType = sourcecode.swift; path = BookModel.swift; sourceTree = "<group>"; };
		494604CD271F400F0024BE51 /* ApiResponse.swift */ = {isa = PBXFileReference; lastKnownFileType = sourcecode.swift; path = ApiResponse.swift; sourceTree = "<group>"; };
		494604D8271F54660024BE51 /* Method.swift */ = {isa = PBXFileReference; lastKnownFileType = sourcecode.swift; path = Method.swift; sourceTree = "<group>"; };
		494ABC4227430A31008FDF9A /* BookPageDetailsViewController.swift */ = {isa = PBXFileReference; lastKnownFileType = sourcecode.swift; path = BookPageDetailsViewController.swift; sourceTree = "<group>"; };
		49523C8F2774EF2900DF1E5A /* CategoriesData.json */ = {isa = PBXFileReference; fileEncoding = 4; lastKnownFileType = text.json; path = CategoriesData.json; sourceTree = "<group>"; };
		49523C922774F6B100DF1E5A /* CategoriesCollectionViewCell.swift */ = {isa = PBXFileReference; lastKnownFileType = sourcecode.swift; path = CategoriesCollectionViewCell.swift; sourceTree = "<group>"; };
		49523C932774F6B100DF1E5A /* CategoriesCollectionViewCell.xib */ = {isa = PBXFileReference; lastKnownFileType = file.xib; path = CategoriesCollectionViewCell.xib; sourceTree = "<group>"; };
		49552F1427575C590095D916 /* ReadingViewController.swift */ = {isa = PBXFileReference; lastKnownFileType = sourcecode.swift; path = ReadingViewController.swift; sourceTree = "<group>"; };
		495F54222773B0A2008D68BD /* Categories.storyboard */ = {isa = PBXFileReference; lastKnownFileType = file.storyboard; path = Categories.storyboard; sourceTree = "<group>"; };
		495F54242773B2DC008D68BD /* CategoriesViewController.swift */ = {isa = PBXFileReference; lastKnownFileType = sourcecode.swift; path = CategoriesViewController.swift; sourceTree = "<group>"; };
		496A4A2A27679D390097DBD9 /* Book.swift */ = {isa = PBXFileReference; lastKnownFileType = sourcecode.swift; path = Book.swift; sourceTree = "<group>"; };
		496A4A2C27679D720097DBD9 /* TimeTracker.swift */ = {isa = PBXFileReference; lastKnownFileType = sourcecode.swift; path = TimeTracker.swift; sourceTree = "<group>"; };
		496B8E25271C06EB00871DB9 /* BooksStore.app */ = {isa = PBXFileReference; explicitFileType = wrapper.application; includeInIndex = 0; path = BooksStore.app; sourceTree = BUILT_PRODUCTS_DIR; };
		496B8E28271C06EB00871DB9 /* AppDelegate.swift */ = {isa = PBXFileReference; lastKnownFileType = sourcecode.swift; path = AppDelegate.swift; sourceTree = "<group>"; };
		496B8E2A271C06EB00871DB9 /* SceneDelegate.swift */ = {isa = PBXFileReference; lastKnownFileType = sourcecode.swift; path = SceneDelegate.swift; sourceTree = "<group>"; };
		496B8E34271C06EC00871DB9 /* Base */ = {isa = PBXFileReference; lastKnownFileType = file.storyboard; name = Base; path = Base.lproj/LaunchScreen.storyboard; sourceTree = "<group>"; };
		496B8E36271C06EC00871DB9 /* Info.plist */ = {isa = PBXFileReference; lastKnownFileType = text.plist.xml; path = Info.plist; sourceTree = "<group>"; };
		496C88B8271D62A500CB7E17 /* Main.storyboard */ = {isa = PBXFileReference; fileEncoding = 4; lastKnownFileType = file.storyboard; path = Main.storyboard; sourceTree = "<group>"; };
		497A8EFD27594ED4007CFC4A /* BooksStore.entitlements */ = {isa = PBXFileReference; lastKnownFileType = text.plist.entitlements; path = BooksStore.entitlements; sourceTree = "<group>"; };
		497E80472723EBDA00F3A9DA /* CardView.swift */ = {isa = PBXFileReference; lastKnownFileType = sourcecode.swift; path = CardView.swift; sourceTree = "<group>"; };
		498B6B29275E38A0007A36AD /* BookReader.swift */ = {isa = PBXFileReference; lastKnownFileType = sourcecode.swift; path = BookReader.swift; sourceTree = "<group>"; };
		49933897275EB58F0021F113 /* Assets.xcassets.xcassets */ = {isa = PBXFileReference; lastKnownFileType = folder.assetcatalog; path = Assets.xcassets.xcassets; sourceTree = "<group>"; };
		499661232766623F00F6063C /* TargetType.swift */ = {isa = PBXFileReference; lastKnownFileType = sourcecode.swift; path = TargetType.swift; sourceTree = "<group>"; };
		49966125276662D000F6063C /* NetworkService.swift */ = {isa = PBXFileReference; lastKnownFileType = sourcecode.swift; path = NetworkService.swift; sourceTree = "<group>"; };
		499661282766634B00F6063C /* BooksAPIDataModel.swift */ = {isa = PBXFileReference; lastKnownFileType = sourcecode.swift; path = BooksAPIDataModel.swift; sourceTree = "<group>"; };
		4998AF2A275ABCE80036ECCE /* BookPosterCell.swift */ = {isa = PBXFileReference; lastKnownFileType = sourcecode.swift; path = BookPosterCell.swift; sourceTree = "<group>"; };
		4998AF2B275ABCE80036ECCE /* BookPosterCell.xib */ = {isa = PBXFileReference; lastKnownFileType = file.xib; path = BookPosterCell.xib; sourceTree = "<group>"; };
		4998AF2E275AC2870036ECCE /* BookInfoCell.swift */ = {isa = PBXFileReference; lastKnownFileType = sourcecode.swift; path = BookInfoCell.swift; sourceTree = "<group>"; };
		4998AF2F275AC2870036ECCE /* BookInfoCell.xib */ = {isa = PBXFileReference; lastKnownFileType = file.xib; path = BookInfoCell.xib; sourceTree = "<group>"; };
		4998AF32275AC4240036ECCE /* BookTitleCell.swift */ = {isa = PBXFileReference; lastKnownFileType = sourcecode.swift; path = BookTitleCell.swift; sourceTree = "<group>"; };
		4998AF33275AC4240036ECCE /* BookTitleCell.xib */ = {isa = PBXFileReference; lastKnownFileType = file.xib; path = BookTitleCell.xib; sourceTree = "<group>"; };
		4998AF36275AC51B0036ECCE /* AuthorNameCell.swift */ = {isa = PBXFileReference; lastKnownFileType = sourcecode.swift; path = AuthorNameCell.swift; sourceTree = "<group>"; };
		4998AF37275AC51B0036ECCE /* AuthorNameCell.xib */ = {isa = PBXFileReference; lastKnownFileType = file.xib; path = AuthorNameCell.xib; sourceTree = "<group>"; };
		4998AF3A275AC5CA0036ECCE /* BookCategoriesCell.swift */ = {isa = PBXFileReference; lastKnownFileType = sourcecode.swift; path = BookCategoriesCell.swift; sourceTree = "<group>"; };
		4998AF3B275AC5CA0036ECCE /* BookCategoriesCell.xib */ = {isa = PBXFileReference; lastKnownFileType = file.xib; path = BookCategoriesCell.xib; sourceTree = "<group>"; };
		4998AF3E275AC6DC0036ECCE /* BookDescriptionCell.swift */ = {isa = PBXFileReference; lastKnownFileType = sourcecode.swift; path = BookDescriptionCell.swift; sourceTree = "<group>"; };
		4998AF3F275AC6DC0036ECCE /* BookDescriptionCell.xib */ = {isa = PBXFileReference; lastKnownFileType = file.xib; path = BookDescriptionCell.xib; sourceTree = "<group>"; };
		499F09822756D5B300F12156 /* TodayReadingTableViewCell.swift */ = {isa = PBXFileReference; lastKnownFileType = sourcecode.swift; path = TodayReadingTableViewCell.swift; sourceTree = "<group>"; };
		499F09832756D5B300F12156 /* TodayReadingTableViewCell.xib */ = {isa = PBXFileReference; lastKnownFileType = file.xib; path = TodayReadingTableViewCell.xib; sourceTree = "<group>"; };
		49A2D6A52774792500E48931 /* CategoriesModel.swift */ = {isa = PBXFileReference; lastKnownFileType = sourcecode.swift; path = CategoriesModel.swift; sourceTree = "<group>"; };
		49A2D6AA2774865000E48931 /* CategoriesDataModel.swift */ = {isa = PBXFileReference; lastKnownFileType = sourcecode.swift; path = CategoriesDataModel.swift; sourceTree = "<group>"; };
		49A7624A2743E90000A7E2A8 /* DownloadManager.swift */ = {isa = PBXFileReference; lastKnownFileType = sourcecode.swift; path = DownloadManager.swift; sourceTree = "<group>"; };
		49BFBA64275CAB93001FD76F /* TimeManager.swift */ = {isa = PBXFileReference; lastKnownFileType = sourcecode.swift; path = TimeManager.swift; sourceTree = "<group>"; };
		49C7058F2722ADE8009F5DED /* HomeViewController.swift */ = {isa = PBXFileReference; lastKnownFileType = sourcecode.swift; path = HomeViewController.swift; sourceTree = "<group>"; };
		49D1F3ED27556B5F00CA7FAA /* SearchResultsTableViewCell.swift */ = {isa = PBXFileReference; lastKnownFileType = sourcecode.swift; path = SearchResultsTableViewCell.swift; sourceTree = "<group>"; };
		49D1F3EE27556B5F00CA7FAA /* SearchResultsTableViewCell.xib */ = {isa = PBXFileReference; lastKnownFileType = file.xib; path = SearchResultsTableViewCell.xib; sourceTree = "<group>"; };
		49D73C26276DEA1C00874FD7 /* RealmViewModel.swift */ = {isa = PBXFileReference; lastKnownFileType = sourcecode.swift; path = RealmViewModel.swift; sourceTree = "<group>"; };
		49D73C28276E58B500874FD7 /* Home.storyboard */ = {isa = PBXFileReference; lastKnownFileType = file.storyboard; path = Home.storyboard; sourceTree = "<group>"; };
		49D73C2A276E58DB00874FD7 /* ReadingUI.storyboard */ = {isa = PBXFileReference; lastKnownFileType = file.storyboard; path = ReadingUI.storyboard; sourceTree = "<group>"; };
		49D73C2C276E58EC00874FD7 /* SearchUI.storyboard */ = {isa = PBXFileReference; lastKnownFileType = file.storyboard; path = SearchUI.storyboard; sourceTree = "<group>"; };
		49D73C2E276E591C00874FD7 /* BookDetailsUI.storyboard */ = {isa = PBXFileReference; lastKnownFileType = file.storyboard; path = BookDetailsUI.storyboard; sourceTree = "<group>"; };
		8712F409F138384FED8501B1 /* Pods-BooksStore.release.xcconfig */ = {isa = PBXFileReference; includeInIndex = 1; lastKnownFileType = text.xcconfig; name = "Pods-BooksStore.release.xcconfig"; path = "Target Support Files/Pods-BooksStore/Pods-BooksStore.release.xcconfig"; sourceTree = "<group>"; };
		B7F14E8B4696D1FC1FE11E7C /* Pods-BooksStore.debug.xcconfig */ = {isa = PBXFileReference; includeInIndex = 1; lastKnownFileType = text.xcconfig; name = "Pods-BooksStore.debug.xcconfig"; path = "Target Support Files/Pods-BooksStore/Pods-BooksStore.debug.xcconfig"; sourceTree = "<group>"; };
		D15AEE540A9DC9C0E405EDC9 /* Pods_BooksStore.framework */ = {isa = PBXFileReference; explicitFileType = wrapper.framework; includeInIndex = 0; path = Pods_BooksStore.framework; sourceTree = BUILT_PRODUCTS_DIR; };
/* End PBXFileReference section */

/* Begin PBXFrameworksBuildPhase section */
		496B8E22271C06EB00871DB9 /* Frameworks */ = {
			isa = PBXFrameworksBuildPhase;
			buildActionMask = 2147483647;
			files = (
				2C0E53DFAA7E4AB986E9ECF6 /* Pods_BooksStore.framework in Frameworks */,
			);
			runOnlyForDeploymentPostprocessing = 0;
		};
/* End PBXFrameworksBuildPhase section */

/* Begin PBXGroup section */
		180FF4824B3C9BEBC53A82EC /* Pods */ = {
			isa = PBXGroup;
			children = (
				B7F14E8B4696D1FC1FE11E7C /* Pods-BooksStore.debug.xcconfig */,
				8712F409F138384FED8501B1 /* Pods-BooksStore.release.xcconfig */,
			);
			path = Pods;
			sourceTree = "<group>";
		};
		492043D1276DDDF30029AA42 /* Controllers */ = {
			isa = PBXGroup;
			children = (
				49C7058F2722ADE8009F5DED /* HomeViewController.swift */,
				494ABC4227430A31008FDF9A /* BookPageDetailsViewController.swift */,
				49552F1427575C590095D916 /* ReadingViewController.swift */,
				493345C52752D43B002E31AA /* SearchViewController.swift */,
				495F54242773B2DC008D68BD /* CategoriesViewController.swift */,
			);
			name = Controllers;
			sourceTree = "<group>";
		};
		49523C912774F68800DF1E5A /* Categories */ = {
			isa = PBXGroup;
			children = (
				49523C922774F6B100DF1E5A /* CategoriesCollectionViewCell.swift */,
				49523C932774F6B100DF1E5A /* CategoriesCollectionViewCell.xib */,
			);
			path = Categories;
			sourceTree = "<group>";
		};
		496A4A2F2767A0000097DBD9 /* RealmDB Models */ = {
			isa = PBXGroup;
			children = (
				496A4A2A27679D390097DBD9 /* Book.swift */,
				496A4A2C27679D720097DBD9 /* TimeTracker.swift */,
			);
			path = "RealmDB Models";
			sourceTree = "<group>";
		};
		496B8E1C271C06EB00871DB9 = {
			isa = PBXGroup;
			children = (
				496B8E27271C06EB00871DB9 /* BooksStore */,
				496B8E26271C06EB00871DB9 /* Products */,
				180FF4824B3C9BEBC53A82EC /* Pods */,
				6FD2EAF67792D56D9B28F55D /* Frameworks */,
			);
			sourceTree = "<group>";
		};
		496B8E26271C06EB00871DB9 /* Products */ = {
			isa = PBXGroup;
			children = (
				496B8E25271C06EB00871DB9 /* BooksStore.app */,
			);
			name = Products;
			sourceTree = "<group>";
		};
		496B8E27271C06EB00871DB9 /* BooksStore */ = {
			isa = PBXGroup;
			children = (
				49523C8F2774EF2900DF1E5A /* CategoriesData.json */,
				497A8EFD27594ED4007CFC4A /* BooksStore.entitlements */,
				496B8E28271C06EB00871DB9 /* AppDelegate.swift */,
				496B8E2A271C06EB00871DB9 /* SceneDelegate.swift */,
				496B8E36271C06EC00871DB9 /* Info.plist */,
				49F70F7A271CC32A00314A99 /* Networking */,
				49F70F7B271CC33600314A99 /* Models */,
				49F70F7C271CC33F00314A99 /* Views */,
				49D73C25276DE59C00874FD7 /* ViewModel */,
				4998AF29275AA3030036ECCE /* Helper */,
			);
			path = BooksStore;
			sourceTree = "<group>";
		};
		497F933A27423F8700292B94 /* Cells */ = {
			isa = PBXGroup;
			children = (
				49523C912774F68800DF1E5A /* Categories */,
				49AAD7CB276B578500F3A26F /* Home */,
				49AAD7CE276B57F400F3A26F /* BookDetails */,
				49AAD7CD276B579600F3A26F /* Reading */,
				49AAD7CC276B578F00F3A26F /* Search */,
			);
			path = Cells;
			sourceTree = "<group>";
		};
		499661222766621D00F6063C /* Base */ = {
			isa = PBXGroup;
			children = (
				499661232766623F00F6063C /* TargetType.swift */,
				494604D8271F54660024BE51 /* Method.swift */,
				493B5BA9271FF8D7007EC11F /* ErrorHandler.swift */,
			);
			path = Base;
			sourceTree = "<group>";
		};
		499661272766631800F6063C /* NetworkServices */ = {
			isa = PBXGroup;
			children = (
				49966125276662D000F6063C /* NetworkService.swift */,
			);
			path = NetworkServices;
			sourceTree = "<group>";
		};
		4998AF29275AA3030036ECCE /* Helper */ = {
			isa = PBXGroup;
			children = (
				498B6B29275E38A0007A36AD /* BookReader.swift */,
				49A7624A2743E90000A7E2A8 /* DownloadManager.swift */,
				49BFBA64275CAB93001FD76F /* TimeManager.swift */,
				497E80472723EBDA00F3A9DA /* CardView.swift */,
			);
			path = Helper;
			sourceTree = "<group>";
		};
		49AAD7CB276B578500F3A26F /* Home */ = {
			isa = PBXGroup;
			children = (
				491075782756360D00515B20 /* BookCardTableViewCell.swift */,
				491075792756360D00515B20 /* BookCardTableViewCell.xib */,
			);
			path = Home;
			sourceTree = "<group>";
		};
		49AAD7CC276B578F00F3A26F /* Search */ = {
			isa = PBXGroup;
			children = (
				49D1F3ED27556B5F00CA7FAA /* SearchResultsTableViewCell.swift */,
				49D1F3EE27556B5F00CA7FAA /* SearchResultsTableViewCell.xib */,
			);
			path = Search;
			sourceTree = "<group>";
		};
		49AAD7CD276B579600F3A26F /* Reading */ = {
			isa = PBXGroup;
			children = (
				499F09822756D5B300F12156 /* TodayReadingTableViewCell.swift */,
				499F09832756D5B300F12156 /* TodayReadingTableViewCell.xib */,
			);
			path = Reading;
			sourceTree = "<group>";
		};
		49AAD7CE276B57F400F3A26F /* BookDetails */ = {
			isa = PBXGroup;
			children = (
				4998AF2A275ABCE80036ECCE /* BookPosterCell.swift */,
				4998AF2B275ABCE80036ECCE /* BookPosterCell.xib */,
				4998AF2E275AC2870036ECCE /* BookInfoCell.swift */,
				4998AF2F275AC2870036ECCE /* BookInfoCell.xib */,
				4998AF32275AC4240036ECCE /* BookTitleCell.swift */,
				4998AF33275AC4240036ECCE /* BookTitleCell.xib */,
				4998AF36275AC51B0036ECCE /* AuthorNameCell.swift */,
				4998AF37275AC51B0036ECCE /* AuthorNameCell.xib */,
				4998AF3A275AC5CA0036ECCE /* BookCategoriesCell.swift */,
				4998AF3B275AC5CA0036ECCE /* BookCategoriesCell.xib */,
				4998AF3E275AC6DC0036ECCE /* BookDescriptionCell.swift */,
				4998AF3F275AC6DC0036ECCE /* BookDescriptionCell.xib */,
			);
			path = BookDetails;
			sourceTree = "<group>";
		};
		49D73C25276DE59C00874FD7 /* ViewModel */ = {
			isa = PBXGroup;
			children = (
				499661282766634B00F6063C /* BooksAPIDataModel.swift */,
				49D73C26276DEA1C00874FD7 /* RealmViewModel.swift */,
				49A2D6AA2774865000E48931 /* CategoriesDataModel.swift */,
			);
			path = ViewModel;
			sourceTree = "<group>";
		};
		49F70F7A271CC32A00314A99 /* Networking */ = {
			isa = PBXGroup;
			children = (
				499661272766631800F6063C /* NetworkServices */,
				499661222766621D00F6063C /* Base */,
			);
			path = Networking;
			sourceTree = "<group>";
		};
		49F70F7B271CC33600314A99 /* Models */ = {
			isa = PBXGroup;
			children = (
				49A2D6A52774792500E48931 /* CategoriesModel.swift */,
				494604CB271F3C430024BE51 /* BookModel.swift */,
				494604CD271F400F0024BE51 /* ApiResponse.swift */,
				496A4A2F2767A0000097DBD9 /* RealmDB Models */,
			);
			path = Models;
			sourceTree = "<group>";
		};
		49F70F7C271CC33F00314A99 /* Views */ = {
			isa = PBXGroup;
			children = (
				49F70F7E271CC39C00314A99 /* Scenes */,
				497F933A27423F8700292B94 /* Cells */,
				492043D1276DDDF30029AA42 /* Controllers */,
				49933897275EB58F0021F113 /* Assets.xcassets.xcassets */,
			);
			path = Views;
			sourceTree = "<group>";
		};
		49F70F7E271CC39C00314A99 /* Scenes */ = {
			isa = PBXGroup;
			children = (
				496C88B8271D62A500CB7E17 /* Main.storyboard */,
				49D73C28276E58B500874FD7 /* Home.storyboard */,
				49D73C2A276E58DB00874FD7 /* ReadingUI.storyboard */,
				495F54222773B0A2008D68BD /* Categories.storyboard */,
				49D73C2C276E58EC00874FD7 /* SearchUI.storyboard */,
				49D73C2E276E591C00874FD7 /* BookDetailsUI.storyboard */,
				496B8E33271C06EC00871DB9 /* LaunchScreen.storyboard */,
			);
			path = Scenes;
			sourceTree = "<group>";
		};
		6FD2EAF67792D56D9B28F55D /* Frameworks */ = {
			isa = PBXGroup;
			children = (
				D15AEE540A9DC9C0E405EDC9 /* Pods_BooksStore.framework */,
			);
			name = Frameworks;
			sourceTree = "<group>";
		};
/* End PBXGroup section */

/* Begin PBXNativeTarget section */
		496B8E24271C06EB00871DB9 /* BooksStore */ = {
			isa = PBXNativeTarget;
			buildConfigurationList = 496B8E39271C06EC00871DB9 /* Build configuration list for PBXNativeTarget "BooksStore" */;
			buildPhases = (
				C82CA2BEFA7127DB1E7CFB14 /* [CP] Check Pods Manifest.lock */,
				496B8E21271C06EB00871DB9 /* Sources */,
				496B8E22271C06EB00871DB9 /* Frameworks */,
				496B8E23271C06EB00871DB9 /* Resources */,
				489BA0BB7DF71C518D239306 /* [CP] Embed Pods Frameworks */,
			);
			buildRules = (
			);
			dependencies = (
			);
			name = BooksStore;
			productName = BooksStore;
			productReference = 496B8E25271C06EB00871DB9 /* BooksStore.app */;
			productType = "com.apple.product-type.application";
		};
/* End PBXNativeTarget section */

/* Begin PBXProject section */
		496B8E1D271C06EB00871DB9 /* Project object */ = {
			isa = PBXProject;
			attributes = {
				LastSwiftUpdateCheck = 1250;
				LastUpgradeCheck = 1250;
				TargetAttributes = {
					496B8E24271C06EB00871DB9 = {
						CreatedOnToolsVersion = 12.5.1;
					};
				};
			};
			buildConfigurationList = 496B8E20271C06EB00871DB9 /* Build configuration list for PBXProject "BooksStore" */;
			compatibilityVersion = "Xcode 9.3";
			developmentRegion = en;
			hasScannedForEncodings = 0;
			knownRegions = (
				en,
				Base,
			);
			mainGroup = 496B8E1C271C06EB00871DB9;
			productRefGroup = 496B8E26271C06EB00871DB9 /* Products */;
			projectDirPath = "";
			projectRoot = "";
			targets = (
				496B8E24271C06EB00871DB9 /* BooksStore */,
			);
		};
/* End PBXProject section */

/* Begin PBXResourcesBuildPhase section */
		496B8E23271C06EB00871DB9 /* Resources */ = {
			isa = PBXResourcesBuildPhase;
			buildActionMask = 2147483647;
			files = (
				49523C902774EF2900DF1E5A /* CategoriesData.json in Resources */,
				496B8E35271C06EC00871DB9 /* LaunchScreen.storyboard in Resources */,
				499F09852756D5B300F12156 /* TodayReadingTableViewCell.xib in Resources */,
				49D73C29276E58B500874FD7 /* Home.storyboard in Resources */,
				49933898275EB5900021F113 /* Assets.xcassets.xcassets in Resources */,
				49D1F3F027556B5F00CA7FAA /* SearchResultsTableViewCell.xib in Resources */,
				49D73C2D276E58EC00874FD7 /* SearchUI.storyboard in Resources */,
				49D73C2B276E58DB00874FD7 /* ReadingUI.storyboard in Resources */,
				4998AF41275AC6DC0036ECCE /* BookDescriptionCell.xib in Resources */,
				4998AF35275AC4240036ECCE /* BookTitleCell.xib in Resources */,
				495F54232773B0A2008D68BD /* Categories.storyboard in Resources */,
				49523C952774F6B100DF1E5A /* CategoriesCollectionViewCell.xib in Resources */,
				4998AF3D275AC5CA0036ECCE /* BookCategoriesCell.xib in Resources */,
				4998AF39275AC51B0036ECCE /* AuthorNameCell.xib in Resources */,
				4998AF31275AC2870036ECCE /* BookInfoCell.xib in Resources */,
				4998AF2D275ABCE80036ECCE /* BookPosterCell.xib in Resources */,
				496C88B9271D62A500CB7E17 /* Main.storyboard in Resources */,
				49D73C2F276E591C00874FD7 /* BookDetailsUI.storyboard in Resources */,
				4910757B2756360D00515B20 /* BookCardTableViewCell.xib in Resources */,
			);
			runOnlyForDeploymentPostprocessing = 0;
		};
/* End PBXResourcesBuildPhase section */

/* Begin PBXShellScriptBuildPhase section */
		489BA0BB7DF71C518D239306 /* [CP] Embed Pods Frameworks */ = {
			isa = PBXShellScriptBuildPhase;
			buildActionMask = 2147483647;
			files = (
			);
			inputFileListPaths = (
				"${PODS_ROOT}/Target Support Files/Pods-BooksStore/Pods-BooksStore-frameworks-${CONFIGURATION}-input-files.xcfilelist",
			);
			name = "[CP] Embed Pods Frameworks";
			outputFileListPaths = (
				"${PODS_ROOT}/Target Support Files/Pods-BooksStore/Pods-BooksStore-frameworks-${CONFIGURATION}-output-files.xcfilelist",
			);
			runOnlyForDeploymentPostprocessing = 0;
			shellPath = /bin/sh;
			shellScript = "\"${PODS_ROOT}/Target Support Files/Pods-BooksStore/Pods-BooksStore-frameworks.sh\"\n";
			showEnvVarsInLog = 0;
		};
		C82CA2BEFA7127DB1E7CFB14 /* [CP] Check Pods Manifest.lock */ = {
			isa = PBXShellScriptBuildPhase;
			buildActionMask = 2147483647;
			files = (
			);
			inputFileListPaths = (
			);
			inputPaths = (
				"${PODS_PODFILE_DIR_PATH}/Podfile.lock",
				"${PODS_ROOT}/Manifest.lock",
			);
			name = "[CP] Check Pods Manifest.lock";
			outputFileListPaths = (
			);
			outputPaths = (
				"$(DERIVED_FILE_DIR)/Pods-BooksStore-checkManifestLockResult.txt",
			);
			runOnlyForDeploymentPostprocessing = 0;
			shellPath = /bin/sh;
			shellScript = "diff \"${PODS_PODFILE_DIR_PATH}/Podfile.lock\" \"${PODS_ROOT}/Manifest.lock\" > /dev/null\nif [ $? != 0 ] ; then\n    # print error to STDERR\n    echo \"error: The sandbox is not in sync with the Podfile.lock. Run 'pod install' or update your CocoaPods installation.\" >&2\n    exit 1\nfi\n# This output is used by Xcode 'outputs' to avoid re-running this script phase.\necho \"SUCCESS\" > \"${SCRIPT_OUTPUT_FILE_0}\"\n";
			showEnvVarsInLog = 0;
		};
/* End PBXShellScriptBuildPhase section */

/* Begin PBXSourcesBuildPhase section */
		496B8E21271C06EB00871DB9 /* Sources */ = {
			isa = PBXSourcesBuildPhase;
			buildActionMask = 2147483647;
			files = (
				494604CE271F400F0024BE51 /* ApiResponse.swift in Sources */,
				499F09842756D5B300F12156 /* TodayReadingTableViewCell.swift in Sources */,
				49BFBA65275CAB93001FD76F /* TimeManager.swift in Sources */,
				494604CC271F3C430024BE51 /* BookModel.swift in Sources */,
				49A7624B2743E90000A7E2A8 /* DownloadManager.swift in Sources */,
				49A2D6AB2774865000E48931 /* CategoriesDataModel.swift in Sources */,
				496A4A2D27679D720097DBD9 /* TimeTracker.swift in Sources */,
				49C705902722ADE8009F5DED /* HomeViewController.swift in Sources */,
				49966126276662D000F6063C /* NetworkService.swift in Sources */,
				4998AF2C275ABCE80036ECCE /* BookPosterCell.swift in Sources */,
				498B6B2A275E38A0007A36AD /* BookReader.swift in Sources */,
				496B8E29271C06EB00871DB9 /* AppDelegate.swift in Sources */,
				494ABC4327430A31008FDF9A /* BookPageDetailsViewController.swift in Sources */,
				4998AF34275AC4240036ECCE /* BookTitleCell.swift in Sources */,
				4910757A2756360D00515B20 /* BookCardTableViewCell.swift in Sources */,
				495F54252773B2DC008D68BD /* CategoriesViewController.swift in Sources */,
				49D73C27276DEA1C00874FD7 /* RealmViewModel.swift in Sources */,
				49D1F3EF27556B5F00CA7FAA /* SearchResultsTableViewCell.swift in Sources */,
				49A2D6A62774792500E48931 /* CategoriesModel.swift in Sources */,
				4998AF38275AC51B0036ECCE /* AuthorNameCell.swift in Sources */,
				497E80482723EBDA00F3A9DA /* CardView.swift in Sources */,
				496A4A2B27679D390097DBD9 /* Book.swift in Sources */,
				493345C62752D43B002E31AA /* SearchViewController.swift in Sources */,
				499661292766634B00F6063C /* BooksAPIDataModel.swift in Sources */,
				4998AF3C275AC5CA0036ECCE /* BookCategoriesCell.swift in Sources */,
				496B8E2B271C06EB00871DB9 /* SceneDelegate.swift in Sources */,
				499661242766623F00F6063C /* TargetType.swift in Sources */,
				4998AF40275AC6DC0036ECCE /* BookDescriptionCell.swift in Sources */,
				493B5BAA271FF8D7007EC11F /* ErrorHandler.swift in Sources */,
				49552F1527575C590095D916 /* ReadingViewController.swift in Sources */,
				49523C942774F6B100DF1E5A /* CategoriesCollectionViewCell.swift in Sources */,
				4998AF30275AC2870036ECCE /* BookInfoCell.swift in Sources */,
				494604D9271F54660024BE51 /* Method.swift in Sources */,
			);
			runOnlyForDeploymentPostprocessing = 0;
		};
/* End PBXSourcesBuildPhase section */

/* Begin PBXVariantGroup section */
		496B8E33271C06EC00871DB9 /* LaunchScreen.storyboard */ = {
			isa = PBXVariantGroup;
			children = (
				496B8E34271C06EC00871DB9 /* Base */,
			);
			name = LaunchScreen.storyboard;
			sourceTree = "<group>";
		};
/* End PBXVariantGroup section */

/* Begin XCBuildConfiguration section */
		496B8E37271C06EC00871DB9 /* Debug */ = {
			isa = XCBuildConfiguration;
			buildSettings = {
				ALWAYS_SEARCH_USER_PATHS = NO;
				CLANG_ANALYZER_NONNULL = YES;
				CLANG_ANALYZER_NUMBER_OBJECT_CONVERSION = YES_AGGRESSIVE;
				CLANG_CXX_LANGUAGE_STANDARD = "gnu++14";
				CLANG_CXX_LIBRARY = "libc++";
				CLANG_ENABLE_MODULES = YES;
				CLANG_ENABLE_OBJC_ARC = YES;
				CLANG_ENABLE_OBJC_WEAK = YES;
				CLANG_WARN_BLOCK_CAPTURE_AUTORELEASING = YES;
				CLANG_WARN_BOOL_CONVERSION = YES;
				CLANG_WARN_COMMA = YES;
				CLANG_WARN_CONSTANT_CONVERSION = YES;
				CLANG_WARN_DEPRECATED_OBJC_IMPLEMENTATIONS = YES;
				CLANG_WARN_DIRECT_OBJC_ISA_USAGE = YES_ERROR;
				CLANG_WARN_DOCUMENTATION_COMMENTS = YES;
				CLANG_WARN_EMPTY_BODY = YES;
				CLANG_WARN_ENUM_CONVERSION = YES;
				CLANG_WARN_INFINITE_RECURSION = YES;
				CLANG_WARN_INT_CONVERSION = YES;
				CLANG_WARN_NON_LITERAL_NULL_CONVERSION = YES;
				CLANG_WARN_OBJC_IMPLICIT_RETAIN_SELF = YES;
				CLANG_WARN_OBJC_LITERAL_CONVERSION = YES;
				CLANG_WARN_OBJC_ROOT_CLASS = YES_ERROR;
				CLANG_WARN_QUOTED_INCLUDE_IN_FRAMEWORK_HEADER = YES;
				CLANG_WARN_RANGE_LOOP_ANALYSIS = YES;
				CLANG_WARN_STRICT_PROTOTYPES = YES;
				CLANG_WARN_SUSPICIOUS_MOVE = YES;
				CLANG_WARN_UNGUARDED_AVAILABILITY = YES_AGGRESSIVE;
				CLANG_WARN_UNREACHABLE_CODE = YES;
				CLANG_WARN__DUPLICATE_METHOD_MATCH = YES;
				COPY_PHASE_STRIP = NO;
				DEBUG_INFORMATION_FORMAT = dwarf;
				ENABLE_STRICT_OBJC_MSGSEND = YES;
				ENABLE_TESTABILITY = YES;
				GCC_C_LANGUAGE_STANDARD = gnu11;
				GCC_DYNAMIC_NO_PIC = NO;
				GCC_NO_COMMON_BLOCKS = YES;
				GCC_OPTIMIZATION_LEVEL = 0;
				GCC_PREPROCESSOR_DEFINITIONS = (
					"DEBUG=1",
					"$(inherited)",
				);
				GCC_WARN_64_TO_32_BIT_CONVERSION = YES;
				GCC_WARN_ABOUT_RETURN_TYPE = YES_ERROR;
				GCC_WARN_UNDECLARED_SELECTOR = YES;
				GCC_WARN_UNINITIALIZED_AUTOS = YES_AGGRESSIVE;
				GCC_WARN_UNUSED_FUNCTION = YES;
				GCC_WARN_UNUSED_VARIABLE = YES;
				IPHONEOS_DEPLOYMENT_TARGET = 14.5;
				MTL_ENABLE_DEBUG_INFO = INCLUDE_SOURCE;
				MTL_FAST_MATH = YES;
				ONLY_ACTIVE_ARCH = YES;
				SDKROOT = iphoneos;
				SWIFT_ACTIVE_COMPILATION_CONDITIONS = DEBUG;
				SWIFT_OPTIMIZATION_LEVEL = "-Onone";
			};
			name = Debug;
		};
		496B8E38271C06EC00871DB9 /* Release */ = {
			isa = XCBuildConfiguration;
			buildSettings = {
				ALWAYS_SEARCH_USER_PATHS = NO;
				CLANG_ANALYZER_NONNULL = YES;
				CLANG_ANALYZER_NUMBER_OBJECT_CONVERSION = YES_AGGRESSIVE;
				CLANG_CXX_LANGUAGE_STANDARD = "gnu++14";
				CLANG_CXX_LIBRARY = "libc++";
				CLANG_ENABLE_MODULES = YES;
				CLANG_ENABLE_OBJC_ARC = YES;
				CLANG_ENABLE_OBJC_WEAK = YES;
				CLANG_WARN_BLOCK_CAPTURE_AUTORELEASING = YES;
				CLANG_WARN_BOOL_CONVERSION = YES;
				CLANG_WARN_COMMA = YES;
				CLANG_WARN_CONSTANT_CONVERSION = YES;
				CLANG_WARN_DEPRECATED_OBJC_IMPLEMENTATIONS = YES;
				CLANG_WARN_DIRECT_OBJC_ISA_USAGE = YES_ERROR;
				CLANG_WARN_DOCUMENTATION_COMMENTS = YES;
				CLANG_WARN_EMPTY_BODY = YES;
				CLANG_WARN_ENUM_CONVERSION = YES;
				CLANG_WARN_INFINITE_RECURSION = YES;
				CLANG_WARN_INT_CONVERSION = YES;
				CLANG_WARN_NON_LITERAL_NULL_CONVERSION = YES;
				CLANG_WARN_OBJC_IMPLICIT_RETAIN_SELF = YES;
				CLANG_WARN_OBJC_LITERAL_CONVERSION = YES;
				CLANG_WARN_OBJC_ROOT_CLASS = YES_ERROR;
				CLANG_WARN_QUOTED_INCLUDE_IN_FRAMEWORK_HEADER = YES;
				CLANG_WARN_RANGE_LOOP_ANALYSIS = YES;
				CLANG_WARN_STRICT_PROTOTYPES = YES;
				CLANG_WARN_SUSPICIOUS_MOVE = YES;
				CLANG_WARN_UNGUARDED_AVAILABILITY = YES_AGGRESSIVE;
				CLANG_WARN_UNREACHABLE_CODE = YES;
				CLANG_WARN__DUPLICATE_METHOD_MATCH = YES;
				COPY_PHASE_STRIP = NO;
				DEBUG_INFORMATION_FORMAT = "dwarf-with-dsym";
				ENABLE_NS_ASSERTIONS = NO;
				ENABLE_STRICT_OBJC_MSGSEND = YES;
				GCC_C_LANGUAGE_STANDARD = gnu11;
				GCC_NO_COMMON_BLOCKS = YES;
				GCC_WARN_64_TO_32_BIT_CONVERSION = YES;
				GCC_WARN_ABOUT_RETURN_TYPE = YES_ERROR;
				GCC_WARN_UNDECLARED_SELECTOR = YES;
				GCC_WARN_UNINITIALIZED_AUTOS = YES_AGGRESSIVE;
				GCC_WARN_UNUSED_FUNCTION = YES;
				GCC_WARN_UNUSED_VARIABLE = YES;
				IPHONEOS_DEPLOYMENT_TARGET = 14.5;
				MTL_ENABLE_DEBUG_INFO = NO;
				MTL_FAST_MATH = YES;
				SDKROOT = iphoneos;
				SWIFT_COMPILATION_MODE = wholemodule;
				SWIFT_OPTIMIZATION_LEVEL = "-O";
				VALIDATE_PRODUCT = YES;
			};
			name = Release;
		};
		496B8E3A271C06EC00871DB9 /* Debug */ = {
			isa = XCBuildConfiguration;
			baseConfigurationReference = B7F14E8B4696D1FC1FE11E7C /* Pods-BooksStore.debug.xcconfig */;
			buildSettings = {
				ASSETCATALOG_COMPILER_APPICON_NAME = AppIcon;
				ASSETCATALOG_COMPILER_GLOBAL_ACCENT_COLOR_NAME = AccentColor;
				CODE_SIGN_ENTITLEMENTS = BooksStore/BooksStore.entitlements;
				CODE_SIGN_STYLE = Automatic;
				DEVELOPMENT_TEAM = 66DRNGDX98;
				INFOPLIST_FILE = BooksStore/Info.plist;
				IPHONEOS_DEPLOYMENT_TARGET = 13.0;
				LD_RUNPATH_SEARCH_PATHS = (
					"$(inherited)",
					"@executable_path/Frameworks",
				);
				PRODUCT_BUNDLE_IDENTIFIER = ZahraaZuhair.BooksStore;
				PRODUCT_NAME = "$(TARGET_NAME)";
				SWIFT_VERSION = 5.0;
				TARGETED_DEVICE_FAMILY = "1,2";
			};
			name = Debug;
		};
		496B8E3B271C06EC00871DB9 /* Release */ = {
			isa = XCBuildConfiguration;
			baseConfigurationReference = 8712F409F138384FED8501B1 /* Pods-BooksStore.release.xcconfig */;
			buildSettings = {
				ASSETCATALOG_COMPILER_APPICON_NAME = AppIcon;
				ASSETCATALOG_COMPILER_GLOBAL_ACCENT_COLOR_NAME = AccentColor;
				CODE_SIGN_ENTITLEMENTS = BooksStore/BooksStore.entitlements;
				CODE_SIGN_STYLE = Automatic;
				DEVELOPMENT_TEAM = 66DRNGDX98;
				INFOPLIST_FILE = BooksStore/Info.plist;
				IPHONEOS_DEPLOYMENT_TARGET = 13.0;
				LD_RUNPATH_SEARCH_PATHS = (
					"$(inherited)",
					"@executable_path/Frameworks",
				);
				PRODUCT_BUNDLE_IDENTIFIER = ZahraaZuhair.BooksStore;
				PRODUCT_NAME = "$(TARGET_NAME)";
				SWIFT_VERSION = 5.0;
				TARGETED_DEVICE_FAMILY = "1,2";
			};
			name = Release;
		};
/* End XCBuildConfiguration section */

/* Begin XCConfigurationList section */
		496B8E20271C06EB00871DB9 /* Build configuration list for PBXProject "BooksStore" */ = {
			isa = XCConfigurationList;
			buildConfigurations = (
				496B8E37271C06EC00871DB9 /* Debug */,
				496B8E38271C06EC00871DB9 /* Release */,
			);
			defaultConfigurationIsVisible = 0;
			defaultConfigurationName = Release;
		};
		496B8E39271C06EC00871DB9 /* Build configuration list for PBXNativeTarget "BooksStore" */ = {
			isa = XCConfigurationList;
			buildConfigurations = (
				496B8E3A271C06EC00871DB9 /* Debug */,
				496B8E3B271C06EC00871DB9 /* Release */,
			);
			defaultConfigurationIsVisible = 0;
			defaultConfigurationName = Release;
		};
/* End XCConfigurationList section */
	};
	rootObject = 496B8E1D271C06EB00871DB9 /* Project object */;
}
